
Microsoft Visual Studio Solution File, Format Version 12.00
# Visual Studio 2012
Project("{FAE04EC0-301F-11D3-BF4B-00C04F79EFBC}") = "snail", "snail\snail.csproj", "{93F8C8D3-12D8-42FB-B8D4-57AD9C14B8B6}"
EndProject
Global
	GlobalSection(SolutionConfigurationPlatforms) = preSolution
		Debug|x86 = Debug|x86
		Release|x86 = Release|x86
	EndGlobalSection
	GlobalSection(ProjectConfigurationPlatforms) = postSolution
		{93F8C8D3-12D8-42FB-B8D4-57AD9C14B8B6}.Debug|x86.ActiveCfg = Debug|x86
		{93F8C8D3-12D8-42FB-B8D4-57AD9C14B8B6}.Debug|x86.Build.0 = Debug|x86
		{93F8C8D3-12D8-42FB-B8D4-57AD9C14B8B6}.Release|x86.ActiveCfg = Release|x86
		{93F8C8D3-12D8-42FB-B8D4-57AD9C14B8B6}.Release|x86.Build.0 = Release|x86
	EndGlobalSection
EndGlobal
