
Microsoft Visual Studio Solution File, Format Version 12.00
# Visual Studio 2012
Project("{FAE04EC0-301F-11D3-BF4B-00C04F79EFBC}") = "task_4", "task_4\task_4.csproj", "{BD9563E3-6745-4B35-8309-2023DD72F667}"
EndProject
Global
	GlobalSection(SolutionConfigurationPlatforms) = preSolution
		Debug|x86 = Debug|x86
		Release|x86 = Release|x86
	EndGlobalSection
	GlobalSection(ProjectConfigurationPlatforms) = postSolution
		{BD9563E3-6745-4B35-8309-2023DD72F667}.Debug|x86.ActiveCfg = Debug|x86
		{BD9563E3-6745-4B35-8309-2023DD72F667}.Debug|x86.Build.0 = Debug|x86
		{BD9563E3-6745-4B35-8309-2023DD72F667}.Release|x86.ActiveCfg = Release|x86
		{BD9563E3-6745-4B35-8309-2023DD72F667}.Release|x86.Build.0 = Release|x86
	EndGlobalSection
EndGlobal
