
Microsoft Visual Studio Solution File, Format Version 12.00
# Visual Studio 2012
Project("{FAE04EC0-301F-11D3-BF4B-00C04F79EFBC}") = "First_on_the_mac", "First_on_the_mac\First_on_the_mac.csproj", "{F05D2305-635C-437A-8AFA-9A0F032D7E5E}"
EndProject
Global
	GlobalSection(SolutionConfigurationPlatforms) = preSolution
		Debug|x86 = Debug|x86
		Release|x86 = Release|x86
	EndGlobalSection
	GlobalSection(ProjectConfigurationPlatforms) = postSolution
		{F05D2305-635C-437A-8AFA-9A0F032D7E5E}.Debug|x86.ActiveCfg = Debug|x86
		{F05D2305-635C-437A-8AFA-9A0F032D7E5E}.Debug|x86.Build.0 = Debug|x86
		{F05D2305-635C-437A-8AFA-9A0F032D7E5E}.Release|x86.ActiveCfg = Release|x86
		{F05D2305-635C-437A-8AFA-9A0F032D7E5E}.Release|x86.Build.0 = Release|x86
	EndGlobalSection
EndGlobal
