
Microsoft Visual Studio Solution File, Format Version 12.00
# Visual Studio 2012
Project("{FAE04EC0-301F-11D3-BF4B-00C04F79EFBC}") = "playfir_code", "playfir_code\playfir_code.csproj", "{FF2D02C2-1BE8-4744-9C30-F4FF7A9D2469}"
EndProject
Global
	GlobalSection(SolutionConfigurationPlatforms) = preSolution
		Debug|x86 = Debug|x86
		Release|x86 = Release|x86
	EndGlobalSection
	GlobalSection(ProjectConfigurationPlatforms) = postSolution
		{FF2D02C2-1BE8-4744-9C30-F4FF7A9D2469}.Debug|x86.ActiveCfg = Debug|x86
		{FF2D02C2-1BE8-4744-9C30-F4FF7A9D2469}.Debug|x86.Build.0 = Debug|x86
		{FF2D02C2-1BE8-4744-9C30-F4FF7A9D2469}.Release|x86.ActiveCfg = Release|x86
		{FF2D02C2-1BE8-4744-9C30-F4FF7A9D2469}.Release|x86.Build.0 = Release|x86
	EndGlobalSection
EndGlobal
