
Microsoft Visual Studio Solution File, Format Version 12.00
# Visual Studio 2012
Project("{FAE04EC0-301F-11D3-BF4B-00C04F79EFBC}") = "Cezar", "Cezar\Cezar.csproj", "{C60DE393-0BD8-4581-8C13-601A75D01A42}"
EndProject
Global
	GlobalSection(SolutionConfigurationPlatforms) = preSolution
		Debug|x86 = Debug|x86
		Release|x86 = Release|x86
	EndGlobalSection
	GlobalSection(ProjectConfigurationPlatforms) = postSolution
		{C60DE393-0BD8-4581-8C13-601A75D01A42}.Debug|x86.ActiveCfg = Debug|x86
		{C60DE393-0BD8-4581-8C13-601A75D01A42}.Debug|x86.Build.0 = Debug|x86
		{C60DE393-0BD8-4581-8C13-601A75D01A42}.Release|x86.ActiveCfg = Release|x86
		{C60DE393-0BD8-4581-8C13-601A75D01A42}.Release|x86.Build.0 = Release|x86
	EndGlobalSection
EndGlobal
